// !$*UTF8*$!
{
	archiveVersion = 1;
	classes = {
	};
	objectVersion = 46;
	objects = {

/* Begin PBXBuildFile section */
		EA8123B416308B1A00A7D939 /* Cocoa.framework in Frameworks */ = {isa = PBXBuildFile; fileRef = EA8123B316308B1A00A7D939 /* Cocoa.framework */; };
		EA8123B616308B1A00A7D939 /* MacRuby.framework in Frameworks */ = {isa = PBXBuildFile; fileRef = EA8123B516308B1A00A7D939 /* MacRuby.framework */; };
		EA8123BF16308B1A00A7D939 /* InfoPlist.strings in Resources */ = {isa = PBXBuildFile; fileRef = EA8123BD16308B1A00A7D939 /* InfoPlist.strings */; };
		EA8123C116308B1A00A7D939 /* main.m in Sources */ = {isa = PBXBuildFile; fileRef = EA8123C016308B1A00A7D939 /* main.m */; };
		EA8123C616308B1A00A7D939 /* MainMenu.xib in Resources */ = {isa = PBXBuildFile; fileRef = EA8123C416308B1A00A7D939 /* MainMenu.xib */; };
		EA8123C916308B1A00A7D939 /* rb_main.rb in Resources */ = {isa = PBXBuildFile; fileRef = EA8123C816308B1A00A7D939 /* rb_main.rb */; };
		EA8123CB16308B1A00A7D939 /* AppDelegate.rb in Resources */ = {isa = PBXBuildFile; fileRef = EA8123CA16308B1A00A7D939 /* AppDelegate.rb */; };
		EA8123D616308B3200A7D939 /* MyObjcObject.m in Sources */ = {isa = PBXBuildFile; fileRef = EA8123D516308B3200A7D939 /* MyObjcObject.m */; };
		EA8123D816308B4C00A7D939 /* RubyObj.rb in Resources */ = {isa = PBXBuildFile; fileRef = EA8123D716308B4C00A7D939 /* RubyObj.rb */; };
/* End PBXBuildFile section */

/* Begin PBXContainerItemProxy section */
		EA8123B816308B1A00A7D939 /* PBXContainerItemProxy */ = {
			isa = PBXContainerItemProxy;
			containerPortal = EA8123A616308B1A00A7D939 /* Project object */;
			proxyType = 1;
			remoteGlobalIDString = EA8123AE16308B1A00A7D939;
			remoteInfo = MacRubyTest;
		};
/* End PBXContainerItemProxy section */

/* Begin PBXFileReference section */
		EA8123AF16308B1A00A7D939 /* MacRubyTest.app */ = {isa = PBXFileReference; explicitFileType = wrapper.application; includeInIndex = 0; path = MacRubyTest.app; sourceTree = BUILT_PRODUCTS_DIR; };
		EA8123B316308B1A00A7D939 /* Cocoa.framework */ = {isa = PBXFileReference; lastKnownFileType = wrapper.framework; name = Cocoa.framework; path = System/Library/Frameworks/Cocoa.framework; sourceTree = SDKROOT; };
		EA8123B516308B1A00A7D939 /* MacRuby.framework */ = {isa = PBXFileReference; lastKnownFileType = wrapper.framework; name = MacRuby.framework; path = Library/Frameworks/MacRuby.framework; sourceTree = DEVELOPER_DIR; };
		EA8123BC16308B1A00A7D939 /* MacRubyTest-Info.plist */ = {isa = PBXFileReference; lastKnownFileType = text.plist.xml; path = "MacRubyTest-Info.plist"; sourceTree = "<group>"; };
		EA8123BE16308B1A00A7D939 /* en */ = {isa = PBXFileReference; lastKnownFileType = text.plist.strings; name = en; path = en.lproj/InfoPlist.strings; sourceTree = "<group>"; };
		EA8123C016308B1A00A7D939 /* main.m */ = {isa = PBXFileReference; lastKnownFileType = sourcecode.c.objc; path = main.m; sourceTree = "<group>"; };
		EA8123C216308B1A00A7D939 /* MacRubyTest-Prefix.pch */ = {isa = PBXFileReference; lastKnownFileType = sourcecode.c.h; path = "MacRubyTest-Prefix.pch"; sourceTree = "<group>"; };
		EA8123C516308B1A00A7D939 /* en */ = {isa = PBXFileReference; lastKnownFileType = file.xib; name = en; path = en.lproj/MainMenu.xib; sourceTree = "<group>"; };
		EA8123C816308B1A00A7D939 /* rb_main.rb */ = {isa = PBXFileReference; lastKnownFileType = text.script.ruby; path = rb_main.rb; sourceTree = "<group>"; };
		EA8123CA16308B1A00A7D939 /* AppDelegate.rb */ = {isa = PBXFileReference; lastKnownFileType = text.script.ruby; path = AppDelegate.rb; sourceTree = "<group>"; };
		EA8123D416308B3200A7D939 /* MyObjcObject.h */ = {isa = PBXFileReference; fileEncoding = 4; lastKnownFileType = sourcecode.c.h; path = MyObjcObject.h; sourceTree = "<group>"; };
		EA8123D516308B3200A7D939 /* MyObjcObject.m */ = {isa = PBXFileReference; fileEncoding = 4; lastKnownFileType = sourcecode.c.objc; path = MyObjcObject.m; sourceTree = "<group>"; };
		EA8123D716308B4C00A7D939 /* RubyObj.rb */ = {isa = PBXFileReference; fileEncoding = 4; lastKnownFileType = text.script.ruby; path = RubyObj.rb; sourceTree = "<group>"; };
/* End PBXFileReference section */

/* Begin PBXFrameworksBuildPhase section */
		EA8123AC16308B1A00A7D939 /* Frameworks */ = {
			isa = PBXFrameworksBuildPhase;
			buildActionMask = 2147483647;
			files = (
				EA8123B416308B1A00A7D939 /* Cocoa.framework in Frameworks */,
				EA8123B616308B1A00A7D939 /* MacRuby.framework in Frameworks */,
			);
			runOnlyForDeploymentPostprocessing = 0;
		};
/* End PBXFrameworksBuildPhase section */

/* Begin PBXGroup section */
		EA8123A416308B1A00A7D939 = {
			isa = PBXGroup;
			children = (
				EA8123BA16308B1A00A7D939 /* MacRubyTest */,
				EA8123B216308B1A00A7D939 /* Frameworks */,
				EA8123B016308B1A00A7D939 /* Products */,
			);
			sourceTree = "<group>";
		};
		EA8123B016308B1A00A7D939 /* Products */ = {
			isa = PBXGroup;
			children = (
				EA8123AF16308B1A00A7D939 /* MacRubyTest.app */,
			);
			name = Products;
			sourceTree = "<group>";
		};
		EA8123B216308B1A00A7D939 /* Frameworks */ = {
			isa = PBXGroup;
			children = (
				EA8123B316308B1A00A7D939 /* Cocoa.framework */,
				EA8123B516308B1A00A7D939 /* MacRuby.framework */,
			);
			name = Frameworks;
			sourceTree = "<group>";
		};
		EA8123BA16308B1A00A7D939 /* MacRubyTest */ = {
			isa = PBXGroup;
			children = (
				EA8123CA16308B1A00A7D939 /* AppDelegate.rb */,
				EA8123C316308B1A00A7D939 /* Resources */,
				EA8123C716308B1A00A7D939 /* Other Sources */,
				EA8123BB16308B1A00A7D939 /* Supporting Files */,
				EA8123D416308B3200A7D939 /* MyObjcObject.h */,
				EA8123D516308B3200A7D939 /* MyObjcObject.m */,
				EA8123D716308B4C00A7D939 /* RubyObj.rb */,
			);
			path = MacRubyTest;
			sourceTree = "<group>";
		};
		EA8123BB16308B1A00A7D939 /* Supporting Files */ = {
			isa = PBXGroup;
			children = (
				EA8123BC16308B1A00A7D939 /* MacRubyTest-Info.plist */,
				EA8123BD16308B1A00A7D939 /* InfoPlist.strings */,
				EA8123C016308B1A00A7D939 /* main.m */,
				EA8123C216308B1A00A7D939 /* MacRubyTest-Prefix.pch */,
			);
			name = "Supporting Files";
			sourceTree = "<group>";
		};
		EA8123C316308B1A00A7D939 /* Resources */ = {
			isa = PBXGroup;
			children = (
				EA8123C416308B1A00A7D939 /* MainMenu.xib */,
			);
			name = Resources;
			sourceTree = "<group>";
		};
		EA8123C716308B1A00A7D939 /* Other Sources */ = {
			isa = PBXGroup;
			children = (
				EA8123C816308B1A00A7D939 /* rb_main.rb */,
			);
			name = "Other Sources";
			sourceTree = "<group>";
		};
/* End PBXGroup section */

/* Begin PBXLegacyTarget section */
		EA8123B716308B1A00A7D939 /* Deployment */ = {
			isa = PBXLegacyTarget;
			buildArgumentsString = "--compile --embed";
			buildConfigurationList = EA8123D116308B1A00A7D939 /* Build configuration list for PBXLegacyTarget "Deployment" */;
			buildPhases = (
			);
			buildToolPath = /usr/local/bin/macruby_deploy;
			dependencies = (
				EA8123B916308B1A00A7D939 /* PBXTargetDependency */,
			);
			name = Deployment;
			passBuildSettingsInEnvironment = 1;
			productName = Deployment;
		};
/* End PBXLegacyTarget section */

/* Begin PBXNativeTarget section */
		EA8123AE16308B1A00A7D939 /* MacRubyTest */ = {
			isa = PBXNativeTarget;
			buildConfigurationList = EA8123CE16308B1A00A7D939 /* Build configuration list for PBXNativeTarget "MacRubyTest" */;
			buildPhases = (
				EA8123AB16308B1A00A7D939 /* Sources */,
				EA8123AC16308B1A00A7D939 /* Frameworks */,
				EA8123AD16308B1A00A7D939 /* Resources */,
			);
			buildRules = (
			);
			dependencies = (
			);
			name = MacRubyTest;
			productName = MacRubyTest;
			productReference = EA8123AF16308B1A00A7D939 /* MacRubyTest.app */;
			productType = "com.apple.product-type.application";
		};
/* End PBXNativeTarget section */

/* Begin PBXProject section */
		EA8123A616308B1A00A7D939 /* Project object */ = {
			isa = PBXProject;
			attributes = {
				LastUpgradeCheck = 0450;
				ORGANIZATIONNAME = Collections;
			};
			buildConfigurationList = EA8123A916308B1A00A7D939 /* Build configuration list for PBXProject "MacRubyTest" */;
			compatibilityVersion = "Xcode 3.2";
			developmentRegion = English;
			hasScannedForEncodings = 0;
			knownRegions = (
				en,
			);
			mainGroup = EA8123A416308B1A00A7D939;
			productRefGroup = EA8123B016308B1A00A7D939 /* Products */;
			projectDirPath = "";
			projectRoot = "";
			targets = (
				EA8123AE16308B1A00A7D939 /* MacRubyTest */,
				EA8123B716308B1A00A7D939 /* Deployment */,
			);
		};
/* End PBXProject section */

/* Begin PBXResourcesBuildPhase section */
		EA8123AD16308B1A00A7D939 /* Resources */ = {
			isa = PBXResourcesBuildPhase;
			buildActionMask = 2147483647;
			files = (
				EA8123BF16308B1A00A7D939 /* InfoPlist.strings in Resources */,
				EA8123C616308B1A00A7D939 /* MainMenu.xib in Resources */,
				EA8123C916308B1A00A7D939 /* rb_main.rb in Resources */,
				EA8123CB16308B1A00A7D939 /* AppDelegate.rb in Resources */,
				EA8123D816308B4C00A7D939 /* RubyObj.rb in Resources */,
			);
			runOnlyForDeploymentPostprocessing = 0;
		};
/* End PBXResourcesBuildPhase section */

/* Begin PBXSourcesBuildPhase section */
		EA8123AB16308B1A00A7D939 /* Sources */ = {
			isa = PBXSourcesBuildPhase;
			buildActionMask = 2147483647;
			files = (
				EA8123C116308B1A00A7D939 /* main.m in Sources */,
				EA8123D616308B3200A7D939 /* MyObjcObject.m in Sources */,
			);
			runOnlyForDeploymentPostprocessing = 0;
		};
/* End PBXSourcesBuildPhase section */

/* Begin PBXTargetDependency section */
		EA8123B916308B1A00A7D939 /* PBXTargetDependency */ = {
			isa = PBXTargetDependency;
			target = EA8123AE16308B1A00A7D939 /* MacRubyTest */;
			targetProxy = EA8123B816308B1A00A7D939 /* PBXContainerItemProxy */;
		};
/* End PBXTargetDependency section */

/* Begin PBXVariantGroup section */
		EA8123BD16308B1A00A7D939 /* InfoPlist.strings */ = {
			isa = PBXVariantGroup;
			children = (
				EA8123BE16308B1A00A7D939 /* en */,
			);
			name = InfoPlist.strings;
			sourceTree = "<group>";
		};
		EA8123C416308B1A00A7D939 /* MainMenu.xib */ = {
			isa = PBXVariantGroup;
			children = (
				EA8123C516308B1A00A7D939 /* en */,
			);
			name = MainMenu.xib;
			sourceTree = "<group>";
		};
/* End PBXVariantGroup section */

/* Begin XCBuildConfiguration section */
		EA8123CC16308B1A00A7D939 /* Debug */ = {
			isa = XCBuildConfiguration;
			buildSettings = {
				ALWAYS_SEARCH_USER_PATHS = NO;
				ARCHS = "$(ARCHS_STANDARD_64_BIT)";
				CLANG_CXX_LANGUAGE_STANDARD = "gnu++0x";
				CLANG_CXX_LIBRARY = "libc++";
				CLANG_WARN_EMPTY_BODY = YES;
				CLANG_WARN__DUPLICATE_METHOD_MATCH = YES;
				COPY_PHASE_STRIP = NO;
				FRAMEWORK_SEARCH_PATHS = /Library/Frameworks/;
				GCC_C_LANGUAGE_STANDARD = gnu99;
				GCC_DYNAMIC_NO_PIC = NO;
				GCC_ENABLE_OBJC_EXCEPTIONS = YES;
				GCC_OPTIMIZATION_LEVEL = 0;
				GCC_PREPROCESSOR_DEFINITIONS = (
					"DEBUG=1",
					"$(inherited)",
				);
				GCC_SYMBOLS_PRIVATE_EXTERN = NO;
				GCC_WARN_64_TO_32_BIT_CONVERSION = YES;
				GCC_WARN_ABOUT_RETURN_TYPE = YES;
				GCC_WARN_UNINITIALIZED_AUTOS = YES;
				GCC_WARN_UNUSED_VARIABLE = YES;
				MACOSX_DEPLOYMENT_TARGET = 10.8;
				ONLY_ACTIVE_ARCH = YES;
				SDKROOT = macosx;
			};
			name = Debug;
		};
		EA8123CD16308B1A00A7D939 /* Release */ = {
			isa = XCBuildConfiguration;
			buildSettings = {
				ALWAYS_SEARCH_USER_PATHS = NO;
				ARCHS = "$(ARCHS_STANDARD_64_BIT)";
				CLANG_CXX_LANGUAGE_STANDARD = "gnu++0x";
				CLANG_CXX_LIBRARY = "libc++";
				CLANG_WARN_EMPTY_BODY = YES;
				CLANG_WARN__DUPLICATE_METHOD_MATCH = YES;
				COPY_PHASE_STRIP = YES;
				DEBUG_INFORMATION_FORMAT = "dwarf-with-dsym";
				FRAMEWORK_SEARCH_PATHS = /Library/Frameworks/;
				GCC_C_LANGUAGE_STANDARD = gnu99;
				GCC_ENABLE_OBJC_EXCEPTIONS = YES;
				GCC_WARN_64_TO_32_BIT_CONVERSION = YES;
				GCC_WARN_ABOUT_RETURN_TYPE = YES;
				GCC_WARN_UNINITIALIZED_AUTOS = YES;
				GCC_WARN_UNUSED_VARIABLE = YES;
				MACOSX_DEPLOYMENT_TARGET = 10.8;
				SDKROOT = macosx;
			};
			name = Release;
		};
		EA8123CF16308B1A00A7D939 /* Debug */ = {
			isa = XCBuildConfiguration;
			buildSettings = {
				ARCHS = x86_64;
				FRAMEWORK_SEARCH_PATHS = (
					"$(inherited)",
					"\"$(SYSTEM_APPS_DIR)/Xcode.app/Contents/Developer/Library/Frameworks\"",
				);
				GCC_ENABLE_OBJC_GC = required;
				GCC_PRECOMPILE_PREFIX_HEADER = YES;
				GCC_PREFIX_HEADER = "MacRubyTest/MacRubyTest-Prefix.pch";
				INFOPLIST_FILE = "MacRubyTest/MacRubyTest-Info.plist";
				PRODUCT_NAME = "$(TARGET_NAME)";
				WRAPPER_EXTENSION = app;
			};
			name = Debug;
		};
		EA8123D016308B1A00A7D939 /* Release */ = {
			isa = XCBuildConfiguration;
			buildSettings = {
				ARCHS = x86_64;
				FRAMEWORK_SEARCH_PATHS = (
					"$(inherited)",
					"\"$(SYSTEM_APPS_DIR)/Xcode.app/Contents/Developer/Library/Frameworks\"",
				);
				GCC_ENABLE_OBJC_GC = required;
				GCC_PRECOMPILE_PREFIX_HEADER = YES;
				GCC_PREFIX_HEADER = "MacRubyTest/MacRubyTest-Prefix.pch";
				INFOPLIST_FILE = "MacRubyTest/MacRubyTest-Info.plist";
				PRODUCT_NAME = "$(TARGET_NAME)";
				WRAPPER_EXTENSION = app;
			};
			name = Release;
		};
		EA8123D216308B1A00A7D939 /* Debug */ = {
			isa = XCBuildConfiguration;
			buildSettings = {
			};
			name = Debug;
		};
		EA8123D316308B1A00A7D939 /* Release */ = {
			isa = XCBuildConfiguration;
			buildSettings = {
			};
			name = Release;
		};
/* End XCBuildConfiguration section */

/* Begin XCConfigurationList section */
		EA8123A916308B1A00A7D939 /* Build configuration list for PBXProject "MacRubyTest" */ = {
			isa = XCConfigurationList;
			buildConfigurations = (
				EA8123CC16308B1A00A7D939 /* Debug */,
				EA8123CD16308B1A00A7D939 /* Release */,
			);
			defaultConfigurationIsVisible = 0;
			defaultConfigurationName = Release;
		};
		EA8123CE16308B1A00A7D939 /* Build configuration list for PBXNativeTarget "MacRubyTest" */ = {
			isa = XCConfigurationList;
			buildConfigurations = (
				EA8123CF16308B1A00A7D939 /* Debug */,
				EA8123D016308B1A00A7D939 /* Release */,
			);
			defaultConfigurationIsVisible = 0;
		};
		EA8123D116308B1A00A7D939 /* Build configuration list for PBXLegacyTarget "Deployment" */ = {
			isa = XCConfigurationList;
			buildConfigurations = (
				EA8123D216308B1A00A7D939 /* Debug */,
				EA8123D316308B1A00A7D939 /* Release */,
			);
			defaultConfigurationIsVisible = 0;
		};
/* End XCConfigurationList section */
	};
	rootObject = EA8123A616308B1A00A7D939 /* Project object */;
}
